// !$*UTF8*$!
{
	archiveVersion = 1;
	classes = {
	};
	objectVersion = 50;
	objects = {

/* Begin PBXBuildFile section */
		70AFE3AE21E6F76C004B58ED /* AppDelegate.m in Sources */ = {isa = PBXBuildFile; fileRef = 70AFE3AD21E6F76C004B58ED /* AppDelegate.m */; };
		70AFE3B121E6F76C004B58ED /* ViewController.m in Sources */ = {isa = PBXBuildFile; fileRef = 70AFE3B021E6F76C004B58ED /* ViewController.m */; };
		70AFE3B421E6F76C004B58ED /* Main.storyboard in Resources */ = {isa = PBXBuildFile; fileRef = 70AFE3B221E6F76C004B58ED /* Main.storyboard */; };
		70AFE3B621E6F76D004B58ED /* Assets.xcassets in Resources */ = {isa = PBXBuildFile; fileRef = 70AFE3B521E6F76D004B58ED /* Assets.xcassets */; };
		70AFE3B921E6F76D004B58ED /* LaunchScreen.storyboard in Resources */ = {isa = PBXBuildFile; fileRef = 70AFE3B721E6F76D004B58ED /* LaunchScreen.storyboard */; };
		70AFE3BC21E6F76D004B58ED /* main.m in Sources */ = {isa = PBXBuildFile; fileRef = 70AFE3BB21E6F76D004B58ED /* main.m */; };
		70AFE3C621E6F76D004B58ED /* YXG_HelperDevTests.m in Sources */ = {isa = PBXBuildFile; fileRef = 70AFE3C521E6F76D004B58ED /* YXG_HelperDevTests.m */; };
		70AFE3D121E6F76D004B58ED /* YXG_HelperDevUITests.m in Sources */ = {isa = PBXBuildFile; fileRef = 70AFE3D021E6F76D004B58ED /* YXG_HelperDevUITests.m */; };
		70AFE40421E70CDE004B58ED /* YXG_FileTools.m in Sources */ = {isa = PBXBuildFile; fileRef = 70AFE3F921E70CDE004B58ED /* YXG_FileTools.m */; };
		70AFE40521E70CDE004B58ED /* NSString+YXG_Universal.m in Sources */ = {isa = PBXBuildFile; fileRef = 70AFE3FB21E70CDE004B58ED /* NSString+YXG_Universal.m */; };
		70AFE40621E70CDE004B58ED /* UIAlertController+YXG_UniversalAlert.m in Sources */ = {isa = PBXBuildFile; fileRef = 70AFE3FD21E70CDE004B58ED /* UIAlertController+YXG_UniversalAlert.m */; };
		70AFE40721E70CDE004B58ED /* NSObject+YXG_Helper.m in Sources */ = {isa = PBXBuildFile; fileRef = 70AFE40021E70CDE004B58ED /* NSObject+YXG_Helper.m */; };
		70AFE40821E70CDE004B58ED /* YXG_KeyChainHelper.m in Sources */ = {isa = PBXBuildFile; fileRef = 70AFE40221E70CDE004B58ED /* YXG_KeyChainHelper.m */; };
/* End PBXBuildFile section */

/* Begin PBXContainerItemProxy section */
		70AFE3C221E6F76D004B58ED /* PBXContainerItemProxy */ = {
			isa = PBXContainerItemProxy;
			containerPortal = 70AFE3A121E6F76C004B58ED /* Project object */;
			proxyType = 1;
			remoteGlobalIDString = 70AFE3A821E6F76C004B58ED;
			remoteInfo = YXG_HelperDev;
		};
		70AFE3CD21E6F76D004B58ED /* PBXContainerItemProxy */ = {
			isa = PBXContainerItemProxy;
			containerPortal = 70AFE3A121E6F76C004B58ED /* Project object */;
			proxyType = 1;
			remoteGlobalIDString = 70AFE3A821E6F76C004B58ED;
			remoteInfo = YXG_HelperDev;
		};
/* End PBXContainerItemProxy section */

/* Begin PBXFileReference section */
		70AFE3A921E6F76C004B58ED /* YXG_HelperDev.app */ = {isa = PBXFileReference; explicitFileType = wrapper.application; includeInIndex = 0; path = YXG_HelperDev.app; sourceTree = BUILT_PRODUCTS_DIR; };
		70AFE3AC21E6F76C004B58ED /* AppDelegate.h */ = {isa = PBXFileReference; lastKnownFileType = sourcecode.c.h; path = AppDelegate.h; sourceTree = "<group>"; };
		70AFE3AD21E6F76C004B58ED /* AppDelegate.m */ = {isa = PBXFileReference; lastKnownFileType = sourcecode.c.objc; path = AppDelegate.m; sourceTree = "<group>"; };
		70AFE3AF21E6F76C004B58ED /* ViewController.h */ = {isa = PBXFileReference; lastKnownFileType = sourcecode.c.h; path = ViewController.h; sourceTree = "<group>"; };
		70AFE3B021E6F76C004B58ED /* ViewController.m */ = {isa = PBXFileReference; lastKnownFileType = sourcecode.c.objc; path = ViewController.m; sourceTree = "<group>"; };
		70AFE3B321E6F76C004B58ED /* Base */ = {isa = PBXFileReference; lastKnownFileType = file.storyboard; name = Base; path = Base.lproj/Main.storyboard; sourceTree = "<group>"; };
		70AFE3B521E6F76D004B58ED /* Assets.xcassets */ = {isa = PBXFileReference; lastKnownFileType = folder.assetcatalog; path = Assets.xcassets; sourceTree = "<group>"; };
		70AFE3B821E6F76D004B58ED /* Base */ = {isa = PBXFileReference; lastKnownFileType = file.storyboard; name = Base; path = Base.lproj/LaunchScreen.storyboard; sourceTree = "<group>"; };
		70AFE3BA21E6F76D004B58ED /* Info.plist */ = {isa = PBXFileReference; lastKnownFileType = text.plist.xml; path = Info.plist; sourceTree = "<group>"; };
		70AFE3BB21E6F76D004B58ED /* main.m */ = {isa = PBXFileReference; lastKnownFileType = sourcecode.c.objc; path = main.m; sourceTree = "<group>"; };
		70AFE3C121E6F76D004B58ED /* YXG_HelperDevTests.xctest */ = {isa = PBXFileReference; explicitFileType = wrapper.cfbundle; includeInIndex = 0; path = YXG_HelperDevTests.xctest; sourceTree = BUILT_PRODUCTS_DIR; };
		70AFE3C521E6F76D004B58ED /* YXG_HelperDevTests.m */ = {isa = PBXFileReference; lastKnownFileType = sourcecode.c.objc; path = YXG_HelperDevTests.m; sourceTree = "<group>"; };
		70AFE3C721E6F76D004B58ED /* Info.plist */ = {isa = PBXFileReference; lastKnownFileType = text.plist.xml; path = Info.plist; sourceTree = "<group>"; };
		70AFE3CC21E6F76D004B58ED /* YXG_HelperDevUITests.xctest */ = {isa = PBXFileReference; explicitFileType = wrapper.cfbundle; includeInIndex = 0; path = YXG_HelperDevUITests.xctest; sourceTree = BUILT_PRODUCTS_DIR; };
		70AFE3D021E6F76D004B58ED /* YXG_HelperDevUITests.m */ = {isa = PBXFileReference; lastKnownFileType = sourcecode.c.objc; path = YXG_HelperDevUITests.m; sourceTree = "<group>"; };
		70AFE3D221E6F76D004B58ED /* Info.plist */ = {isa = PBXFileReference; lastKnownFileType = text.plist.xml; path = Info.plist; sourceTree = "<group>"; };
		70AFE3F621E70CDE004B58ED /* YXG_Macro.h */ = {isa = PBXFileReference; fileEncoding = 4; lastKnownFileType = sourcecode.c.h; path = YXG_Macro.h; sourceTree = "<group>"; };
		70AFE3F821E70CDE004B58ED /* YXG_FileTools.h */ = {isa = PBXFileReference; fileEncoding = 4; lastKnownFileType = sourcecode.c.h; path = YXG_FileTools.h; sourceTree = "<group>"; };
		70AFE3F921E70CDE004B58ED /* YXG_FileTools.m */ = {isa = PBXFileReference; fileEncoding = 4; lastKnownFileType = sourcecode.c.objc; path = YXG_FileTools.m; sourceTree = "<group>"; };
		70AFE3FB21E70CDE004B58ED /* NSString+YXG_Universal.m */ = {isa = PBXFileReference; fileEncoding = 4; lastKnownFileType = sourcecode.c.objc; path = "NSString+YXG_Universal.m"; sourceTree = "<group>"; };
		70AFE3FC21E70CDE004B58ED /* NSObject+YXG_Helper.h */ = {isa = PBXFileReference; fileEncoding = 4; lastKnownFileType = sourcecode.c.h; path = "NSObject+YXG_Helper.h"; sourceTree = "<group>"; };
		70AFE3FD21E70CDE004B58ED /* UIAlertController+YXG_UniversalAlert.m */ = {isa = PBXFileReference; fileEncoding = 4; lastKnownFileType = sourcecode.c.objc; path = "UIAlertController+YXG_UniversalAlert.m"; sourceTree = "<group>"; };
		70AFE3FE21E70CDE004B58ED /* NSString+YXG_Universal.h */ = {isa = PBXFileReference; fileEncoding = 4; lastKnownFileType = sourcecode.c.h; path = "NSString+YXG_Universal.h"; sourceTree = "<group>"; };
		70AFE3FF21E70CDE004B58ED /* UIAlertController+YXG_UniversalAlert.h */ = {isa = PBXFileReference; fileEncoding = 4; lastKnownFileType = sourcecode.c.h; path = "UIAlertController+YXG_UniversalAlert.h"; sourceTree = "<group>"; };
		70AFE40021E70CDE004B58ED /* NSObject+YXG_Helper.m */ = {isa = PBXFileReference; fileEncoding = 4; lastKnownFileType = sourcecode.c.objc; path = "NSObject+YXG_Helper.m"; sourceTree = "<group>"; };
		70AFE40221E70CDE004B58ED /* YXG_KeyChainHelper.m */ = {isa = PBXFileReference; fileEncoding = 4; lastKnownFileType = sourcecode.c.objc; path = YXG_KeyChainHelper.m; sourceTree = "<group>"; };
		70AFE40321E70CDE004B58ED /* YXG_KeyChainHelper.h */ = {isa = PBXFileReference; fileEncoding = 4; lastKnownFileType = sourcecode.c.h; path = YXG_KeyChainHelper.h; sourceTree = "<group>"; };
/* End PBXFileReference section */

/* Begin PBXFrameworksBuildPhase section */
		70AFE3A621E6F76C004B58ED /* Frameworks */ = {
			isa = PBXFrameworksBuildPhase;
			buildActionMask = 2147483647;
			files = (
			);
			runOnlyForDeploymentPostprocessing = 0;
		};
		70AFE3BE21E6F76D004B58ED /* Frameworks */ = {
			isa = PBXFrameworksBuildPhase;
			buildActionMask = 2147483647;
			files = (
			);
			runOnlyForDeploymentPostprocessing = 0;
		};
		70AFE3C921E6F76D004B58ED /* Frameworks */ = {
			isa = PBXFrameworksBuildPhase;
			buildActionMask = 2147483647;
			files = (
			);
			runOnlyForDeploymentPostprocessing = 0;
		};
/* End PBXFrameworksBuildPhase section */

/* Begin PBXGroup section */
		70AFE3A021E6F76C004B58ED = {
			isa = PBXGroup;
			children = (
				70AFE3AB21E6F76C004B58ED /* YXG_HelperDev */,
				70AFE3C421E6F76D004B58ED /* YXG_HelperDevTests */,
				70AFE3CF21E6F76D004B58ED /* YXG_HelperDevUITests */,
				70AFE3AA21E6F76C004B58ED /* Products */,
			);
			sourceTree = "<group>";
		};
		70AFE3AA21E6F76C004B58ED /* Products */ = {
			isa = PBXGroup;
			children = (
				70AFE3A921E6F76C004B58ED /* YXG_HelperDev.app */,
				70AFE3C121E6F76D004B58ED /* YXG_HelperDevTests.xctest */,
				70AFE3CC21E6F76D004B58ED /* YXG_HelperDevUITests.xctest */,
			);
			name = Products;
			sourceTree = "<group>";
		};
		70AFE3AB21E6F76C004B58ED /* YXG_HelperDev */ = {
			isa = PBXGroup;
			children = (
				70AFE3F321E70CDE004B58ED /* YXG_Helper */,
				70AFE3AC21E6F76C004B58ED /* AppDelegate.h */,
				70AFE3AD21E6F76C004B58ED /* AppDelegate.m */,
				70AFE3AF21E6F76C004B58ED /* ViewController.h */,
				70AFE3B021E6F76C004B58ED /* ViewController.m */,
				70AFE3B221E6F76C004B58ED /* Main.storyboard */,
				70AFE3B521E6F76D004B58ED /* Assets.xcassets */,
				70AFE3B721E6F76D004B58ED /* LaunchScreen.storyboard */,
				70AFE3BA21E6F76D004B58ED /* Info.plist */,
				70AFE3BB21E6F76D004B58ED /* main.m */,
			);
			path = YXG_HelperDev;
			sourceTree = "<group>";
		};
		70AFE3C421E6F76D004B58ED /* YXG_HelperDevTests */ = {
			isa = PBXGroup;
			children = (
				70AFE3C521E6F76D004B58ED /* YXG_HelperDevTests.m */,
				70AFE3C721E6F76D004B58ED /* Info.plist */,
			);
			path = YXG_HelperDevTests;
			sourceTree = "<group>";
		};
		70AFE3CF21E6F76D004B58ED /* YXG_HelperDevUITests */ = {
			isa = PBXGroup;
			children = (
				70AFE3D021E6F76D004B58ED /* YXG_HelperDevUITests.m */,
				70AFE3D221E6F76D004B58ED /* Info.plist */,
			);
			path = YXG_HelperDevUITests;
			sourceTree = "<group>";
		};
		70AFE3F321E70CDE004B58ED /* YXG_Helper */ = {
			isa = PBXGroup;
			children = (
				70AFE3F421E70CDE004B58ED /* Classes */,
			);
			path = YXG_Helper;
			sourceTree = "<group>";
		};
		70AFE3F421E70CDE004B58ED /* Classes */ = {
			isa = PBXGroup;
			children = (
				70AFE3F521E70CDE004B58ED /* YXG_Macro */,
				70AFE3F721E70CDE004B58ED /* YXG_FileHelper */,
				70AFE3FA21E70CDE004B58ED /* YXG_Category */,
				70AFE40121E70CDE004B58ED /* YXG_KeyChainHelper */,
			);
			path = Classes;
			sourceTree = "<group>";
		};
		70AFE3F521E70CDE004B58ED /* YXG_Macro */ = {
			isa = PBXGroup;
			children = (
				70AFE3F621E70CDE004B58ED /* YXG_Macro.h */,
			);
			path = YXG_Macro;
			sourceTree = "<group>";
		};
		70AFE3F721E70CDE004B58ED /* YXG_FileHelper */ = {
			isa = PBXGroup;
			children = (
				70AFE3F821E70CDE004B58ED /* YXG_FileTools.h */,
				70AFE3F921E70CDE004B58ED /* YXG_FileTools.m */,
			);
			path = YXG_FileHelper;
			sourceTree = "<group>";
		};
		70AFE3FA21E70CDE004B58ED /* YXG_Category */ = {
			isa = PBXGroup;
			children = (
				70AFE3FB21E70CDE004B58ED /* NSString+YXG_Universal.m */,
				70AFE3FC21E70CDE004B58ED /* NSObject+YXG_Helper.h */,
				70AFE3FD21E70CDE004B58ED /* UIAlertController+YXG_UniversalAlert.m */,
				70AFE3FE21E70CDE004B58ED /* NSString+YXG_Universal.h */,
				70AFE3FF21E70CDE004B58ED /* UIAlertController+YXG_UniversalAlert.h */,
				70AFE40021E70CDE004B58ED /* NSObject+YXG_Helper.m */,
			);
			path = YXG_Category;
			sourceTree = "<group>";
		};
		70AFE40121E70CDE004B58ED /* YXG_KeyChainHelper */ = {
			isa = PBXGroup;
			children = (
				70AFE40221E70CDE004B58ED /* YXG_KeyChainHelper.m */,
				70AFE40321E70CDE004B58ED /* YXG_KeyChainHelper.h */,
			);
			path = YXG_KeyChainHelper;
			sourceTree = "<group>";
		};
/* End PBXGroup section */

/* Begin PBXNativeTarget section */
		70AFE3A821E6F76C004B58ED /* YXG_HelperDev */ = {
			isa = PBXNativeTarget;
			buildConfigurationList = 70AFE3D521E6F76D004B58ED /* Build configuration list for PBXNativeTarget "YXG_HelperDev" */;
			buildPhases = (
				70AFE3A521E6F76C004B58ED /* Sources */,
				70AFE3A621E6F76C004B58ED /* Frameworks */,
				70AFE3A721E6F76C004B58ED /* Resources */,
			);
			buildRules = (
			);
			dependencies = (
			);
			name = YXG_HelperDev;
			productName = YXG_HelperDev;
			productReference = 70AFE3A921E6F76C004B58ED /* YXG_HelperDev.app */;
			productType = "com.apple.product-type.application";
		};
		70AFE3C021E6F76D004B58ED /* YXG_HelperDevTests */ = {
			isa = PBXNativeTarget;
			buildConfigurationList = 70AFE3D821E6F76D004B58ED /* Build configuration list for PBXNativeTarget "YXG_HelperDevTests" */;
			buildPhases = (
				70AFE3BD21E6F76D004B58ED /* Sources */,
				70AFE3BE21E6F76D004B58ED /* Frameworks */,
				70AFE3BF21E6F76D004B58ED /* Resources */,
			);
			buildRules = (
			);
			dependencies = (
				70AFE3C321E6F76D004B58ED /* PBXTargetDependency */,
			);
			name = YXG_HelperDevTests;
			productName = YXG_HelperDevTests;
			productReference = 70AFE3C121E6F76D004B58ED /* YXG_HelperDevTests.xctest */;
			productType = "com.apple.product-type.bundle.unit-test";
		};
		70AFE3CB21E6F76D004B58ED /* YXG_HelperDevUITests */ = {
			isa = PBXNativeTarget;
			buildConfigurationList = 70AFE3DB21E6F76D004B58ED /* Build configuration list for PBXNativeTarget "YXG_HelperDevUITests" */;
			buildPhases = (
				70AFE3C821E6F76D004B58ED /* Sources */,
				70AFE3C921E6F76D004B58ED /* Frameworks */,
				70AFE3CA21E6F76D004B58ED /* Resources */,
			);
			buildRules = (
			);
			dependencies = (
				70AFE3CE21E6F76D004B58ED /* PBXTargetDependency */,
			);
			name = YXG_HelperDevUITests;
			productName = YXG_HelperDevUITests;
			productReference = 70AFE3CC21E6F76D004B58ED /* YXG_HelperDevUITests.xctest */;
			productType = "com.apple.product-type.bundle.ui-testing";
		};
/* End PBXNativeTarget section */

/* Begin PBXProject section */
		70AFE3A121E6F76C004B58ED /* Project object */ = {
			isa = PBXProject;
			attributes = {
				LastUpgradeCheck = 1010;
				ORGANIZATIONNAME = everfine;
				TargetAttributes = {
					70AFE3A821E6F76C004B58ED = {
						CreatedOnToolsVersion = 10.1;
					};
					70AFE3C021E6F76D004B58ED = {
						CreatedOnToolsVersion = 10.1;
						TestTargetID = 70AFE3A821E6F76C004B58ED;
					};
					70AFE3CB21E6F76D004B58ED = {
						CreatedOnToolsVersion = 10.1;
						TestTargetID = 70AFE3A821E6F76C004B58ED;
					};
				};
			};
			buildConfigurationList = 70AFE3A421E6F76C004B58ED /* Build configuration list for PBXProject "YXG_HelperDev" */;
			compatibilityVersion = "Xcode 9.3";
			developmentRegion = en;
			hasScannedForEncodings = 0;
			knownRegions = (
				en,
				Base,
			);
			mainGroup = 70AFE3A021E6F76C004B58ED;
			productRefGroup = 70AFE3AA21E6F76C004B58ED /* Products */;
			projectDirPath = "";
			projectRoot = "";
			targets = (
				70AFE3A821E6F76C004B58ED /* YXG_HelperDev */,
				70AFE3C021E6F76D004B58ED /* YXG_HelperDevTests */,
				70AFE3CB21E6F76D004B58ED /* YXG_HelperDevUITests */,
			);
		};
/* End PBXProject section */

/* Begin PBXResourcesBuildPhase section */
		70AFE3A721E6F76C004B58ED /* Resources */ = {
			isa = PBXResourcesBuildPhase;
			buildActionMask = 2147483647;
			files = (
				70AFE3B921E6F76D004B58ED /* LaunchScreen.storyboard in Resources */,
				70AFE3B621E6F76D004B58ED /* Assets.xcassets in Resources */,
				70AFE3B421E6F76C004B58ED /* Main.storyboard in Resources */,
			);
			runOnlyForDeploymentPostprocessing = 0;
		};
		70AFE3BF21E6F76D004B58ED /* Resources */ = {
			isa = PBXResourcesBuildPhase;
			buildActionMask = 2147483647;
			files = (
			);
			runOnlyForDeploymentPostprocessing = 0;
		};
		70AFE3CA21E6F76D004B58ED /* Resources */ = {
			isa = PBXResourcesBuildPhase;
			buildActionMask = 2147483647;
			files = (
			);
			runOnlyForDeploymentPostprocessing = 0;
		};
/* End PBXResourcesBuildPhase section */

/* Begin PBXSourcesBuildPhase section */
		70AFE3A521E6F76C004B58ED /* Sources */ = {
			isa = PBXSourcesBuildPhase;
			buildActionMask = 2147483647;
			files = (
				70AFE3B121E6F76C004B58ED /* ViewController.m in Sources */,
				70AFE40721E70CDE004B58ED /* NSObject+YXG_Helper.m in Sources */,
				70AFE40821E70CDE004B58ED /* YXG_KeyChainHelper.m in Sources */,
				70AFE3BC21E6F76D004B58ED /* main.m in Sources */,
				70AFE40621E70CDE004B58ED /* UIAlertController+YXG_UniversalAlert.m in Sources */,
				70AFE40421E70CDE004B58ED /* YXG_FileTools.m in Sources */,
				70AFE3AE21E6F76C004B58ED /* AppDelegate.m in Sources */,
				70AFE40521E70CDE004B58ED /* NSString+YXG_Universal.m in Sources */,
			);
			runOnlyForDeploymentPostprocessing = 0;
		};
		70AFE3BD21E6F76D004B58ED /* Sources */ = {
			isa = PBXSourcesBuildPhase;
			buildActionMask = 2147483647;
			files = (
				70AFE3C621E6F76D004B58ED /* YXG_HelperDevTests.m in Sources */,
			);
			runOnlyForDeploymentPostprocessing = 0;
		};
		70AFE3C821E6F76D004B58ED /* Sources */ = {
			isa = PBXSourcesBuildPhase;
			buildActionMask = 2147483647;
			files = (
				70AFE3D121E6F76D004B58ED /* YXG_HelperDevUITests.m in Sources */,
			);
			runOnlyForDeploymentPostprocessing = 0;
		};
/* End PBXSourcesBuildPhase section */

/* Begin PBXTargetDependency section */
		70AFE3C321E6F76D004B58ED /* PBXTargetDependency */ = {
			isa = PBXTargetDependency;
			target = 70AFE3A821E6F76C004B58ED /* YXG_HelperDev */;
			targetProxy = 70AFE3C221E6F76D004B58ED /* PBXContainerItemProxy */;
		};
		70AFE3CE21E6F76D004B58ED /* PBXTargetDependency */ = {
			isa = PBXTargetDependency;
			target = 70AFE3A821E6F76C004B58ED /* YXG_HelperDev */;
			targetProxy = 70AFE3CD21E6F76D004B58ED /* PBXContainerItemProxy */;
		};
/* End PBXTargetDependency section */

/* Begin PBXVariantGroup section */
		70AFE3B221E6F76C004B58ED /* Main.storyboard */ = {
			isa = PBXVariantGroup;
			children = (
				70AFE3B321E6F76C004B58ED /* Base */,
			);
			name = Main.storyboard;
			sourceTree = "<group>";
		};
		70AFE3B721E6F76D004B58ED /* LaunchScreen.storyboard */ = {
			isa = PBXVariantGroup;
			children = (
				70AFE3B821E6F76D004B58ED /* Base */,
			);
			name = LaunchScreen.storyboard;
			sourceTree = "<group>";
		};
/* End PBXVariantGroup section */

/* Begin XCBuildConfiguration section */
		70AFE3D321E6F76D004B58ED /* Debug */ = {
			isa = XCBuildConfiguration;
			buildSettings = {
				ALWAYS_SEARCH_USER_PATHS = NO;
				CLANG_ANALYZER_NONNULL = YES;
				CLANG_ANALYZER_NUMBER_OBJECT_CONVERSION = YES_AGGRESSIVE;
				CLANG_CXX_LANGUAGE_STANDARD = "gnu++14";
				CLANG_CXX_LIBRARY = "libc++";
				CLANG_ENABLE_MODULES = YES;
				CLANG_ENABLE_OBJC_ARC = YES;
				CLANG_ENABLE_OBJC_WEAK = YES;
				CLANG_WARN_BLOCK_CAPTURE_AUTORELEASING = YES;
				CLANG_WARN_BOOL_CONVERSION = YES;
				CLANG_WARN_COMMA = YES;
				CLANG_WARN_CONSTANT_CONVERSION = YES;
				CLANG_WARN_DEPRECATED_OBJC_IMPLEMENTATIONS = YES;
				CLANG_WARN_DIRECT_OBJC_ISA_USAGE = YES_ERROR;
				CLANG_WARN_DOCUMENTATION_COMMENTS = YES;
				CLANG_WARN_EMPTY_BODY = YES;
				CLANG_WARN_ENUM_CONVERSION = YES;
				CLANG_WARN_INFINITE_RECURSION = YES;
				CLANG_WARN_INT_CONVERSION = YES;
				CLANG_WARN_NON_LITERAL_NULL_CONVERSION = YES;
				CLANG_WARN_OBJC_IMPLICIT_RETAIN_SELF = YES;
				CLANG_WARN_OBJC_LITERAL_CONVERSION = YES;
				CLANG_WARN_OBJC_ROOT_CLASS = YES_ERROR;
				CLANG_WARN_RANGE_LOOP_ANALYSIS = YES;
				CLANG_WARN_STRICT_PROTOTYPES = YES;
				CLANG_WARN_SUSPICIOUS_MOVE = YES;
				CLANG_WARN_UNGUARDED_AVAILABILITY = YES_AGGRESSIVE;
				CLANG_WARN_UNREACHABLE_CODE = YES;
				CLANG_WARN__DUPLICATE_METHOD_MATCH = YES;
				CODE_SIGN_IDENTITY = "iPhone Developer";
				COPY_PHASE_STRIP = NO;
				DEBUG_INFORMATION_FORMAT = dwarf;
				ENABLE_STRICT_OBJC_MSGSEND = YES;
				ENABLE_TESTABILITY = YES;
				GCC_C_LANGUAGE_STANDARD = gnu11;
				GCC_DYNAMIC_NO_PIC = NO;
				GCC_NO_COMMON_BLOCKS = YES;
				GCC_OPTIMIZATION_LEVEL = 0;
				GCC_PREPROCESSOR_DEFINITIONS = (
					"DEBUG=1",
					"$(inherited)",
				);
				GCC_WARN_64_TO_32_BIT_CONVERSION = YES;
				GCC_WARN_ABOUT_RETURN_TYPE = YES_ERROR;
				GCC_WARN_UNDECLARED_SELECTOR = YES;
				GCC_WARN_UNINITIALIZED_AUTOS = YES_AGGRESSIVE;
				GCC_WARN_UNUSED_FUNCTION = YES;
				GCC_WARN_UNUSED_VARIABLE = YES;
				IPHONEOS_DEPLOYMENT_TARGET = 12.1;
				MTL_ENABLE_DEBUG_INFO = INCLUDE_SOURCE;
				MTL_FAST_MATH = YES;
				ONLY_ACTIVE_ARCH = YES;
				SDKROOT = iphoneos;
			};
			name = Debug;
		};
		70AFE3D421E6F76D004B58ED /* Release */ = {
			isa = XCBuildConfiguration;
			buildSettings = {
				ALWAYS_SEARCH_USER_PATHS = NO;
				CLANG_ANALYZER_NONNULL = YES;
				CLANG_ANALYZER_NUMBER_OBJECT_CONVERSION = YES_AGGRESSIVE;
				CLANG_CXX_LANGUAGE_STANDARD = "gnu++14";
				CLANG_CXX_LIBRARY = "libc++";
				CLANG_ENABLE_MODULES = YES;
				CLANG_ENABLE_OBJC_ARC = YES;
				CLANG_ENABLE_OBJC_WEAK = YES;
				CLANG_WARN_BLOCK_CAPTURE_AUTORELEASING = YES;
				CLANG_WARN_BOOL_CONVERSION = YES;
				CLANG_WARN_COMMA = YES;
				CLANG_WARN_CONSTANT_CONVERSION = YES;
				CLANG_WARN_DEPRECATED_OBJC_IMPLEMENTATIONS = YES;
				CLANG_WARN_DIRECT_OBJC_ISA_USAGE = YES_ERROR;
				CLANG_WARN_DOCUMENTATION_COMMENTS = YES;
				CLANG_WARN_EMPTY_BODY = YES;
				CLANG_WARN_ENUM_CONVERSION = YES;
				CLANG_WARN_INFINITE_RECURSION = YES;
				CLANG_WARN_INT_CONVERSION = YES;
				CLANG_WARN_NON_LITERAL_NULL_CONVERSION = YES;
				CLANG_WARN_OBJC_IMPLICIT_RETAIN_SELF = YES;
				CLANG_WARN_OBJC_LITERAL_CONVERSION = YES;
				CLANG_WARN_OBJC_ROOT_CLASS = YES_ERROR;
				CLANG_WARN_RANGE_LOOP_ANALYSIS = YES;
				CLANG_WARN_STRICT_PROTOTYPES = YES;
				CLANG_WARN_SUSPICIOUS_MOVE = YES;
				CLANG_WARN_UNGUARDED_AVAILABILITY = YES_AGGRESSIVE;
				CLANG_WARN_UNREACHABLE_CODE = YES;
				CLANG_WARN__DUPLICATE_METHOD_MATCH = YES;
				CODE_SIGN_IDENTITY = "iPhone Developer";
				COPY_PHASE_STRIP = NO;
				DEBUG_INFORMATION_FORMAT = "dwarf-with-dsym";
				ENABLE_NS_ASSERTIONS = NO;
				ENABLE_STRICT_OBJC_MSGSEND = YES;
				GCC_C_LANGUAGE_STANDARD = gnu11;
				GCC_NO_COMMON_BLOCKS = YES;
				GCC_WARN_64_TO_32_BIT_CONVERSION = YES;
				GCC_WARN_ABOUT_RETURN_TYPE = YES_ERROR;
				GCC_WARN_UNDECLARED_SELECTOR = YES;
				GCC_WARN_UNINITIALIZED_AUTOS = YES_AGGRESSIVE;
				GCC_WARN_UNUSED_FUNCTION = YES;
				GCC_WARN_UNUSED_VARIABLE = YES;
				IPHONEOS_DEPLOYMENT_TARGET = 12.1;
				MTL_ENABLE_DEBUG_INFO = NO;
				MTL_FAST_MATH = YES;
				SDKROOT = iphoneos;
				VALIDATE_PRODUCT = YES;
			};
			name = Release;
		};
		70AFE3D621E6F76D004B58ED /* Debug */ = {
			isa = XCBuildConfiguration;
			buildSettings = {
				ASSETCATALOG_COMPILER_APPICON_NAME = AppIcon;
				CODE_SIGN_STYLE = Automatic;
				DEVELOPMENT_TEAM = 88YDHUX8PT;
				INFOPLIST_FILE = YXG_HelperDev/Info.plist;
				IPHONEOS_DEPLOYMENT_TARGET = 8.0;
				LD_RUNPATH_SEARCH_PATHS = (
					"$(inherited)",
					"@executable_path/Frameworks",
				);
				PRODUCT_BUNDLE_IDENTIFIER = "cn.everfine.YXG-HelperDev";
				PRODUCT_NAME = "$(TARGET_NAME)";
				TARGETED_DEVICE_FAMILY = "1,2";
			};
			name = Debug;
		};
		70AFE3D721E6F76D004B58ED /* Release */ = {
			isa = XCBuildConfiguration;
			buildSettings = {
				ASSETCATALOG_COMPILER_APPICON_NAME = AppIcon;
				CODE_SIGN_STYLE = Automatic;
				DEVELOPMENT_TEAM = 88YDHUX8PT;
				INFOPLIST_FILE = YXG_HelperDev/Info.plist;
				IPHONEOS_DEPLOYMENT_TARGET = 8.0;
				LD_RUNPATH_SEARCH_PATHS = (
					"$(inherited)",
					"@executable_path/Frameworks",
				);
				PRODUCT_BUNDLE_IDENTIFIER = "cn.everfine.YXG-HelperDev";
				PRODUCT_NAME = "$(TARGET_NAME)";
				TARGETED_DEVICE_FAMILY = "1,2";
			};
			name = Release;
		};
		70AFE3D921E6F76D004B58ED /* Debug */ = {
			isa = XCBuildConfiguration;
			buildSettings = {
				BUNDLE_LOADER = "$(TEST_HOST)";
				CODE_SIGN_STYLE = Automatic;
				DEVELOPMENT_TEAM = 88YDHUX8PT;
				INFOPLIST_FILE = YXG_HelperDevTests/Info.plist;
				LD_RUNPATH_SEARCH_PATHS = (
					"$(inherited)",
					"@executable_path/Frameworks",
					"@loader_path/Frameworks",
				);
				PRODUCT_BUNDLE_IDENTIFIER = "cn.everfine.YXG-HelperDevTests";
				PRODUCT_NAME = "$(TARGET_NAME)";
				TARGETED_DEVICE_FAMILY = "1,2";
				TEST_HOST = "$(BUILT_PRODUCTS_DIR)/YXG_HelperDev.app/YXG_HelperDev";
			};
			name = Debug;
		};
		70AFE3DA21E6F76D004B58ED /* Release */ = {
			isa = XCBuildConfiguration;
			buildSettings = {
				BUNDLE_LOADER = "$(TEST_HOST)";
				CODE_SIGN_STYLE = Automatic;
				DEVELOPMENT_TEAM = 88YDHUX8PT;
				INFOPLIST_FILE = YXG_HelperDevTests/Info.plist;
				LD_RUNPATH_SEARCH_PATHS = (
					"$(inherited)",
					"@executable_path/Frameworks",
					"@loader_path/Frameworks",
				);
				PRODUCT_BUNDLE_IDENTIFIER = "cn.everfine.YXG-HelperDevTests";
				PRODUCT_NAME = "$(TARGET_NAME)";
				TARGETED_DEVICE_FAMILY = "1,2";
				TEST_HOST = "$(BUILT_PRODUCTS_DIR)/YXG_HelperDev.app/YXG_HelperDev";
			};
			name = Release;
		};
		70AFE3DC21E6F76D004B58ED /* Debug */ = {
			isa = XCBuildConfiguration;
			buildSettings = {
				CODE_SIGN_STYLE = Automatic;
				DEVELOPMENT_TEAM = 88YDHUX8PT;
				INFOPLIST_FILE = YXG_HelperDevUITests/Info.plist;
				LD_RUNPATH_SEARCH_PATHS = (
					"$(inherited)",
					"@executable_path/Frameworks",
					"@loader_path/Frameworks",
				);
				PRODUCT_BUNDLE_IDENTIFIER = "cn.everfine.YXG-HelperDevUITests";
				PRODUCT_NAME = "$(TARGET_NAME)";
				TARGETED_DEVICE_FAMILY = "1,2";
				TEST_TARGET_NAME = YXG_HelperDev;
			};
			name = Debug;
		};
		70AFE3DD21E6F76D004B58ED /* Release */ = {
			isa = XCBuildConfiguration;
			buildSettings = {
				CODE_SIGN_STYLE = Automatic;
				DEVELOPMENT_TEAM = 88YDHUX8PT;
				INFOPLIST_FILE = YXG_HelperDevUITests/Info.plist;
				LD_RUNPATH_SEARCH_PATHS = (
					"$(inherited)",
					"@executable_path/Frameworks",
					"@loader_path/Frameworks",
				);
				PRODUCT_BUNDLE_IDENTIFIER = "cn.everfine.YXG-HelperDevUITests";
				PRODUCT_NAME = "$(TARGET_NAME)";
				TARGETED_DEVICE_FAMILY = "1,2";
				TEST_TARGET_NAME = YXG_HelperDev;
			};
			name = Release;
		};
/* End XCBuildConfiguration section */

/* Begin XCConfigurationList section */
		70AFE3A421E6F76C004B58ED /* Build configuration list for PBXProject "YXG_HelperDev" */ = {
			isa = XCConfigurationList;
			buildConfigurations = (
				70AFE3D321E6F76D004B58ED /* Debug */,
				70AFE3D421E6F76D004B58ED /* Release */,
			);
			defaultConfigurationIsVisible = 0;
			defaultConfigurationName = Release;
		};
		70AFE3D521E6F76D004B58ED /* Build configuration list for PBXNativeTarget "YXG_HelperDev" */ = {
			isa = XCConfigurationList;
			buildConfigurations = (
				70AFE3D621E6F76D004B58ED /* Debug */,
				70AFE3D721E6F76D004B58ED /* Release */,
			);
			defaultConfigurationIsVisible = 0;
			defaultConfigurationName = Release;
		};
		70AFE3D821E6F76D004B58ED /* Build configuration list for PBXNativeTarget "YXG_HelperDevTests" */ = {
			isa = XCConfigurationList;
			buildConfigurations = (
				70AFE3D921E6F76D004B58ED /* Debug */,
				70AFE3DA21E6F76D004B58ED /* Release */,
			);
			defaultConfigurationIsVisible = 0;
			defaultConfigurationName = Release;
		};
		70AFE3DB21E6F76D004B58ED /* Build configuration list for PBXNativeTarget "YXG_HelperDevUITests" */ = {
			isa = XCConfigurationList;
			buildConfigurations = (
				70AFE3DC21E6F76D004B58ED /* Debug */,
				70AFE3DD21E6F76D004B58ED /* Release */,
			);
			defaultConfigurationIsVisible = 0;
			defaultConfigurationName = Release;
		};
/* End XCConfigurationList section */
	};
	rootObject = 70AFE3A121E6F76C004B58ED /* Project object */;
}
